
Microsoft Visual Studio Solution File, Format Version 12.00
# Visual Studio Version 17
VisualStudioVersion = 17.5.33103.201
MinimumVisualStudioVersion = 10.0.40219.1
Project("{FAE04EC0-301F-11D3-BF4B-00C04F79EFBC}") = "Server", "src\Server\Server.csproj", "{DA6D49D6-B04F-430C-A0DF-5908EF9D0F03}"
EndProject
Project("{2150E333-8FDC-42A3-9474-1A3956D46DE8}") = "wwwroot", "wwwroot", "{6E3221BA-3717-44D9-9D96-75FD3B959869}"
	ProjectSection(SolutionItems) = preProject
		index.html = index.html
	EndProjectSection
EndProject
Global
	GlobalSection(SolutionConfigurationPlatforms) = preSolution
		Debug|Any CPU = Debug|Any CPU
		Release|Any CPU = Release|Any CPU
	EndGlobalSection
	GlobalSection(ProjectConfigurationPlatforms) = postSolution
		{DA6D49D6-B04F-430C-A0DF-5908EF9D0F03}.Debug|Any CPU.ActiveCfg = Debug|Any CPU
		{DA6D49D6-B04F-430C-A0DF-5908EF9D0F03}.Debug|Any CPU.Build.0 = Debug|Any CPU
		{DA6D49D6-B04F-430C-A0DF-5908EF9D0F03}.Release|Any CPU.ActiveCfg = Release|Any CPU
		{DA6D49D6-B04F-430C-A0DF-5908EF9D0F03}.Release|Any CPU.Build.0 = Release|Any CPU
	EndGlobalSection
	GlobalSection(SolutionProperties) = preSolution
		HideSolutionNode = FALSE
	EndGlobalSection
	GlobalSection(ExtensibilityGlobals) = postSolution
		SolutionGuid = {710127A3-48EA-41EB-B922-DFABB711AA06}
	EndGlobalSection
EndGlobal
